
Microsoft Visual Studio Solution File, Format Version 12.00
# Visual Studio 15
VisualStudioVersion = 15.0.27703.1
MinimumVisualStudioVersion = 10.0.40219.1
Project("{FAE04EC0-301F-11D3-BF4B-00C04F79EFBC}") = "Analisis", "Analisis\Analisis.csproj", "{57C2F5E0-1551-4814-9E62-4B81BCCD6B08}"
EndProject
Global
	GlobalSection(SolutionConfigurationPlatforms) = preSolution
		Debug|Any CPU = Debug|Any CPU
		Release|Any CPU = Release|Any CPU
	EndGlobalSection
	GlobalSection(ProjectConfigurationPlatforms) = postSolution
		{57C2F5E0-1551-4814-9E62-4B81BCCD6B08}.Debug|Any CPU.ActiveCfg = Debug|Any CPU
		{57C2F5E0-1551-4814-9E62-4B81BCCD6B08}.Debug|Any CPU.Build.0 = Debug|Any CPU
		{57C2F5E0-1551-4814-9E62-4B81BCCD6B08}.Release|Any CPU.ActiveCfg = Release|Any CPU
		{57C2F5E0-1551-4814-9E62-4B81BCCD6B08}.Release|Any CPU.Build.0 = Release|Any CPU
	EndGlobalSection
	GlobalSection(SolutionProperties) = preSolution
		HideSolutionNode = FALSE
	EndGlobalSection
	GlobalSection(ExtensibilityGlobals) = postSolution
		SolutionGuid = {13EE4797-77E5-4693-BA10-5AEC51CEA3F6}
	EndGlobalSection
EndGlobal
